
Microsoft Visual Studio Solution File, Format Version 12.00
# Visual Studio Version 17
VisualStudioVersion = 17.3.32901.215
MinimumVisualStudioVersion = 10.0.40219.1
Project("{9A19103F-16F7-4668-BE54-9A1E7A4F7556}") = "MultiStopwatch", "MultiStopwatch.csproj", "{C69C9C85-6E36-4774-A0C8-EAA362B2B64E}"
EndProject
Project("{FAE04EC0-301F-11D3-BF4B-00C04F79EFBC}") = "Gma.UserActivityMonitor", "E:\IDM\Compressed\globalhook2_src\GlobalHook\Gma.UserActivityMonitor\Gma.UserActivityMonitor.csproj", "{F52AA97E-180A-40ED-8F2B-09080171D6C7}"
EndProject
Global
	GlobalSection(SolutionConfigurationPlatforms) = preSolution
		Debug|Any CPU = Debug|Any CPU
		Release|Any CPU = Release|Any CPU
	EndGlobalSection
	GlobalSection(ProjectConfigurationPlatforms) = postSolution
		{C69C9C85-6E36-4774-A0C8-EAA362B2B64E}.Debug|Any CPU.ActiveCfg = Debug|Any CPU
		{C69C9C85-6E36-4774-A0C8-EAA362B2B64E}.Debug|Any CPU.Build.0 = Debug|Any CPU
		{C69C9C85-6E36-4774-A0C8-EAA362B2B64E}.Release|Any CPU.ActiveCfg = Release|Any CPU
		{C69C9C85-6E36-4774-A0C8-EAA362B2B64E}.Release|Any CPU.Build.0 = Release|Any CPU
		{F52AA97E-180A-40ED-8F2B-09080171D6C7}.Debug|Any CPU.ActiveCfg = Debug|Any CPU
		{F52AA97E-180A-40ED-8F2B-09080171D6C7}.Debug|Any CPU.Build.0 = Debug|Any CPU
		{F52AA97E-180A-40ED-8F2B-09080171D6C7}.Release|Any CPU.ActiveCfg = Release|Any CPU
		{F52AA97E-180A-40ED-8F2B-09080171D6C7}.Release|Any CPU.Build.0 = Release|Any CPU
	EndGlobalSection
	GlobalSection(SolutionProperties) = preSolution
		HideSolutionNode = FALSE
	EndGlobalSection
	GlobalSection(ExtensibilityGlobals) = postSolution
		SolutionGuid = {E1CBA8FA-816A-4772-B545-0E30AD708A6C}
	EndGlobalSection
EndGlobal
